// !$*UTF8*$!
{
	archiveVersion = 1;
	classes = {
	};
	objectVersion = 50;
	objects = {

/* Begin PBXBuildFile section */
		B213DDF726097D60000C48FF /* CityCompletion.swift in Sources */ = {isa = PBXBuildFile; fileRef = B213DDF626097D5F000C48FF /* CityCompletion.swift */; };
		B213DDFC2609977B000C48FF /* CitySearch.swift in Sources */ = {isa = PBXBuildFile; fileRef = B213DDFB2609977B000C48FF /* CitySearch.swift */; };
		B25BA542260829A900A08F37 /* Location.swift in Sources */ = {isa = PBXBuildFile; fileRef = B25BA541260829A900A08F37 /* Location.swift */; };
		B25BA54A260829C600A08F37 /* Condition.swift in Sources */ = {isa = PBXBuildFile; fileRef = B25BA549260829C600A08F37 /* Condition.swift */; };
		B25BA54F260829E700A08F37 /* AirQuality.swift in Sources */ = {isa = PBXBuildFile; fileRef = B25BA54E260829E700A08F37 /* AirQuality.swift */; };
		B25BA55426082A0900A08F37 /* Current.swift in Sources */ = {isa = PBXBuildFile; fileRef = B25BA55326082A0900A08F37 /* Current.swift */; };
		B25BA55926082A1D00A08F37 /* Weather.swift in Sources */ = {isa = PBXBuildFile; fileRef = B25BA55826082A1D00A08F37 /* Weather.swift */; };
		B25BA56726083B5800A08F37 /* CityWeatherView.swift in Sources */ = {isa = PBXBuildFile; fileRef = B25BA56626083B5800A08F37 /* CityWeatherView.swift */; };
		B25BA56C26083B8800A08F37 /* CityHeaderView.swift in Sources */ = {isa = PBXBuildFile; fileRef = B25BA56B26083B8800A08F37 /* CityHeaderView.swift */; };
		B25BA57126083BB300A08F37 /* CityHourlyView.swift in Sources */ = {isa = PBXBuildFile; fileRef = B25BA57026083BB300A08F37 /* CityHourlyView.swift */; };
		B25BA57626083BC800A08F37 /* CityDailyView.swift in Sources */ = {isa = PBXBuildFile; fileRef = B25BA57526083BC800A08F37 /* CityDailyView.swift */; };
		B25BA57E26085ECA00A08F37 /* Forecast.swift in Sources */ = {isa = PBXBuildFile; fileRef = B25BA57D26085ECA00A08F37 /* Forecast.swift */; };
		B25BA58326085EEE00A08F37 /* Forecastday.swift in Sources */ = {isa = PBXBuildFile; fileRef = B25BA58226085EEE00A08F37 /* Forecastday.swift */; };
		B25BA58826085F0500A08F37 /* Astro.swift in Sources */ = {isa = PBXBuildFile; fileRef = B25BA58726085F0500A08F37 /* Astro.swift */; };
		B25BA58D26085F1700A08F37 /* Day.swift in Sources */ = {isa = PBXBuildFile; fileRef = B25BA58C26085F1700A08F37 /* Day.swift */; };
		B25BA59226085F2A00A08F37 /* Hour.swift in Sources */ = {isa = PBXBuildFile; fileRef = B25BA59126085F2A00A08F37 /* Hour.swift */; };
		B2C9BF9026078D9B001AC4D5 /* AppDelegate.swift in Sources */ = {isa = PBXBuildFile; fileRef = B2C9BF8F26078D9B001AC4D5 /* AppDelegate.swift */; };
		B2C9BF9226078D9B001AC4D5 /* SceneDelegate.swift in Sources */ = {isa = PBXBuildFile; fileRef = B2C9BF9126078D9B001AC4D5 /* SceneDelegate.swift */; };
		B2C9BF9426078D9B001AC4D5 /* ContentView.swift in Sources */ = {isa = PBXBuildFile; fileRef = B2C9BF9326078D9B001AC4D5 /* ContentView.swift */; };
		B2C9BF9626078D9D001AC4D5 /* Assets.xcassets in Resources */ = {isa = PBXBuildFile; fileRef = B2C9BF9526078D9D001AC4D5 /* Assets.xcassets */; };
		B2C9BF9926078D9D001AC4D5 /* Preview Assets.xcassets in Resources */ = {isa = PBXBuildFile; fileRef = B2C9BF9826078D9D001AC4D5 /* Preview Assets.xcassets */; };
		B2C9BF9C26078D9D001AC4D5 /* LaunchScreen.storyboard in Resources */ = {isa = PBXBuildFile; fileRef = B2C9BF9A26078D9D001AC4D5 /* LaunchScreen.storyboard */; };
		B2C9BFA726078D9D001AC4D5 /* WeatherTests.swift in Sources */ = {isa = PBXBuildFile; fileRef = B2C9BFA626078D9D001AC4D5 /* WeatherTests.swift */; };
		B2C9BFB226078D9D001AC4D5 /* WeatherUITests.swift in Sources */ = {isa = PBXBuildFile; fileRef = B2C9BFB126078D9D001AC4D5 /* WeatherUITests.swift */; };
		B2C9BFCE2607900C001AC4D5 /* WeatherStore.swift in Sources */ = {isa = PBXBuildFile; fileRef = B2C9BFCD2607900C001AC4D5 /* WeatherStore.swift */; };
		B2C9BFD3260790CF001AC4D5 /* CityRow.swift in Sources */ = {isa = PBXBuildFile; fileRef = B2C9BFD2260790CF001AC4D5 /* CityRow.swift */; };
		B2C9BFDD26079191001AC4D5 /* NewCityView.swift in Sources */ = {isa = PBXBuildFile; fileRef = B2C9BFDC26079191001AC4D5 /* NewCityView.swift */; };
		B2C9C016260795C1001AC4D5 /* City.swift in Sources */ = {isa = PBXBuildFile; fileRef = B2C9C007260795C1001AC4D5 /* City.swift */; };
		B2C9C01A260795C1001AC4D5 /* WeatherManager.swift in Sources */ = {isa = PBXBuildFile; fileRef = B2C9C00C260795C1001AC4D5 /* WeatherManager.swift */; };
		B2C9C02D260796EF001AC4D5 /* DoubleExtension.swift in Sources */ = {isa = PBXBuildFile; fileRef = B2C9C02B260796EE001AC4D5 /* DoubleExtension.swift */; };
		B2C9C02E260796EF001AC4D5 /* DateExtension.swift in Sources */ = {isa = PBXBuildFile; fileRef = B2C9C02C260796EE001AC4D5 /* DateExtension.swift */; };
/* End PBXBuildFile section */

/* Begin PBXContainerItemProxy section */
		B2C9BFA326078D9D001AC4D5 /* PBXContainerItemProxy */ = {
			isa = PBXContainerItemProxy;
			containerPortal = B2C9BF8426078D9B001AC4D5 /* Project object */;
			proxyType = 1;
			remoteGlobalIDString = B2C9BF8B26078D9B001AC4D5;
			remoteInfo = Weather;
		};
		B2C9BFAE26078D9D001AC4D5 /* PBXContainerItemProxy */ = {
			isa = PBXContainerItemProxy;
			containerPortal = B2C9BF8426078D9B001AC4D5 /* Project object */;
			proxyType = 1;
			remoteGlobalIDString = B2C9BF8B26078D9B001AC4D5;
			remoteInfo = Weather;
		};
/* End PBXContainerItemProxy section */

/* Begin PBXFileReference section */
		B213DDF626097D5F000C48FF /* CityCompletion.swift */ = {isa = PBXFileReference; lastKnownFileType = sourcecode.swift; path = CityCompletion.swift; sourceTree = "<group>"; };
		B213DDFB2609977B000C48FF /* CitySearch.swift */ = {isa = PBXFileReference; lastKnownFileType = sourcecode.swift; path = CitySearch.swift; sourceTree = "<group>"; };
		B25BA541260829A900A08F37 /* Location.swift */ = {isa = PBXFileReference; lastKnownFileType = sourcecode.swift; path = Location.swift; sourceTree = "<group>"; };
		B25BA549260829C600A08F37 /* Condition.swift */ = {isa = PBXFileReference; lastKnownFileType = sourcecode.swift; path = Condition.swift; sourceTree = "<group>"; };
		B25BA54E260829E700A08F37 /* AirQuality.swift */ = {isa = PBXFileReference; lastKnownFileType = sourcecode.swift; path = AirQuality.swift; sourceTree = "<group>"; };
		B25BA55326082A0900A08F37 /* Current.swift */ = {isa = PBXFileReference; lastKnownFileType = sourcecode.swift; path = Current.swift; sourceTree = "<group>"; };
		B25BA55826082A1D00A08F37 /* Weather.swift */ = {isa = PBXFileReference; lastKnownFileType = sourcecode.swift; path = Weather.swift; sourceTree = "<group>"; };
		B25BA56626083B5800A08F37 /* CityWeatherView.swift */ = {isa = PBXFileReference; lastKnownFileType = sourcecode.swift; path = CityWeatherView.swift; sourceTree = "<group>"; };
		B25BA56B26083B8800A08F37 /* CityHeaderView.swift */ = {isa = PBXFileReference; lastKnownFileType = sourcecode.swift; path = CityHeaderView.swift; sourceTree = "<group>"; };
		B25BA57026083BB300A08F37 /* CityHourlyView.swift */ = {isa = PBXFileReference; lastKnownFileType = sourcecode.swift; path = CityHourlyView.swift; sourceTree = "<group>"; };
		B25BA57526083BC800A08F37 /* CityDailyView.swift */ = {isa = PBXFileReference; lastKnownFileType = sourcecode.swift; path = CityDailyView.swift; sourceTree = "<group>"; };
		B25BA57D26085ECA00A08F37 /* Forecast.swift */ = {isa = PBXFileReference; lastKnownFileType = sourcecode.swift; path = Forecast.swift; sourceTree = "<group>"; };
		B25BA58226085EEE00A08F37 /* Forecastday.swift */ = {isa = PBXFileReference; lastKnownFileType = sourcecode.swift; path = Forecastday.swift; sourceTree = "<group>"; };
		B25BA58726085F0500A08F37 /* Astro.swift */ = {isa = PBXFileReference; lastKnownFileType = sourcecode.swift; path = Astro.swift; sourceTree = "<group>"; };
		B25BA58C26085F1700A08F37 /* Day.swift */ = {isa = PBXFileReference; lastKnownFileType = sourcecode.swift; path = Day.swift; sourceTree = "<group>"; };
		B25BA59126085F2A00A08F37 /* Hour.swift */ = {isa = PBXFileReference; lastKnownFileType = sourcecode.swift; path = Hour.swift; sourceTree = "<group>"; };
		B2C9BF8C26078D9B001AC4D5 /* Weather.app */ = {isa = PBXFileReference; explicitFileType = wrapper.application; includeInIndex = 0; path = Weather.app; sourceTree = BUILT_PRODUCTS_DIR; };
		B2C9BF8F26078D9B001AC4D5 /* AppDelegate.swift */ = {isa = PBXFileReference; lastKnownFileType = sourcecode.swift; path = AppDelegate.swift; sourceTree = "<group>"; };
		B2C9BF9126078D9B001AC4D5 /* SceneDelegate.swift */ = {isa = PBXFileReference; lastKnownFileType = sourcecode.swift; path = SceneDelegate.swift; sourceTree = "<group>"; };
		B2C9BF9326078D9B001AC4D5 /* ContentView.swift */ = {isa = PBXFileReference; lastKnownFileType = sourcecode.swift; path = ContentView.swift; sourceTree = "<group>"; };
		B2C9BF9526078D9D001AC4D5 /* Assets.xcassets */ = {isa = PBXFileReference; lastKnownFileType = folder.assetcatalog; path = Assets.xcassets; sourceTree = "<group>"; };
		B2C9BF9826078D9D001AC4D5 /* Preview Assets.xcassets */ = {isa = PBXFileReference; lastKnownFileType = folder.assetcatalog; path = "Preview Assets.xcassets"; sourceTree = "<group>"; };
		B2C9BF9B26078D9D001AC4D5 /* Base */ = {isa = PBXFileReference; lastKnownFileType = file.storyboard; name = Base; path = Base.lproj/LaunchScreen.storyboard; sourceTree = "<group>"; };
		B2C9BF9D26078D9D001AC4D5 /* Info.plist */ = {isa = PBXFileReference; lastKnownFileType = text.plist.xml; path = Info.plist; sourceTree = "<group>"; };
		B2C9BFA226078D9D001AC4D5 /* WeatherTests.xctest */ = {isa = PBXFileReference; explicitFileType = wrapper.cfbundle; includeInIndex = 0; path = WeatherTests.xctest; sourceTree = BUILT_PRODUCTS_DIR; };
		B2C9BFA626078D9D001AC4D5 /* WeatherTests.swift */ = {isa = PBXFileReference; lastKnownFileType = sourcecode.swift; path = WeatherTests.swift; sourceTree = "<group>"; };
		B2C9BFA826078D9D001AC4D5 /* Info.plist */ = {isa = PBXFileReference; lastKnownFileType = text.plist.xml; path = Info.plist; sourceTree = "<group>"; };
		B2C9BFAD26078D9D001AC4D5 /* WeatherUITests.xctest */ = {isa = PBXFileReference; explicitFileType = wrapper.cfbundle; includeInIndex = 0; path = WeatherUITests.xctest; sourceTree = BUILT_PRODUCTS_DIR; };
		B2C9BFB126078D9D001AC4D5 /* WeatherUITests.swift */ = {isa = PBXFileReference; lastKnownFileType = sourcecode.swift; path = WeatherUITests.swift; sourceTree = "<group>"; };
		B2C9BFB326078D9D001AC4D5 /* Info.plist */ = {isa = PBXFileReference; lastKnownFileType = text.plist.xml; path = Info.plist; sourceTree = "<group>"; };
		B2C9BFCD2607900C001AC4D5 /* WeatherStore.swift */ = {isa = PBXFileReference; lastKnownFileType = sourcecode.swift; path = WeatherStore.swift; sourceTree = "<group>"; };
		B2C9BFD2260790CF001AC4D5 /* CityRow.swift */ = {isa = PBXFileReference; lastKnownFileType = sourcecode.swift; path = CityRow.swift; sourceTree = "<group>"; };
		B2C9BFDC26079191001AC4D5 /* NewCityView.swift */ = {isa = PBXFileReference; lastKnownFileType = sourcecode.swift; path = NewCityView.swift; sourceTree = "<group>"; };
		B2C9C007260795C1001AC4D5 /* City.swift */ = {isa = PBXFileReference; fileEncoding = 4; lastKnownFileType = sourcecode.swift; path = City.swift; sourceTree = "<group>"; };
		B2C9C00C260795C1001AC4D5 /* WeatherManager.swift */ = {isa = PBXFileReference; fileEncoding = 4; lastKnownFileType = sourcecode.swift; path = WeatherManager.swift; sourceTree = "<group>"; };
		B2C9C02B260796EE001AC4D5 /* DoubleExtension.swift */ = {isa = PBXFileReference; fileEncoding = 4; lastKnownFileType = sourcecode.swift; path = DoubleExtension.swift; sourceTree = "<group>"; };
		B2C9C02C260796EE001AC4D5 /* DateExtension.swift */ = {isa = PBXFileReference; fileEncoding = 4; lastKnownFileType = sourcecode.swift; path = DateExtension.swift; sourceTree = "<group>"; };
/* End PBXFileReference section */

/* Begin PBXFrameworksBuildPhase section */
		B2C9BF8926078D9B001AC4D5 /* Frameworks */ = {
			isa = PBXFrameworksBuildPhase;
			buildActionMask = 2147483647;
			files = (
			);
			runOnlyForDeploymentPostprocessing = 0;
		};
		B2C9BF9F26078D9D001AC4D5 /* Frameworks */ = {
			isa = PBXFrameworksBuildPhase;
			buildActionMask = 2147483647;
			files = (
			);
			runOnlyForDeploymentPostprocessing = 0;
		};
		B2C9BFAA26078D9D001AC4D5 /* Frameworks */ = {
			isa = PBXFrameworksBuildPhase;
			buildActionMask = 2147483647;
			files = (
			);
			runOnlyForDeploymentPostprocessing = 0;
		};
/* End PBXFrameworksBuildPhase section */

/* Begin PBXGroup section */
		B2C9BF8326078D9B001AC4D5 = {
			isa = PBXGroup;
			children = (
				B2C9BF8E26078D9B001AC4D5 /* Weather */,
				B2C9BFA526078D9D001AC4D5 /* WeatherTests */,
				B2C9BFB026078D9D001AC4D5 /* WeatherUITests */,
				B2C9BF8D26078D9B001AC4D5 /* Products */,
			);
			sourceTree = "<group>";
		};
		B2C9BF8D26078D9B001AC4D5 /* Products */ = {
			isa = PBXGroup;
			children = (
				B2C9BF8C26078D9B001AC4D5 /* Weather.app */,
				B2C9BFA226078D9D001AC4D5 /* WeatherTests.xctest */,
				B2C9BFAD26078D9D001AC4D5 /* WeatherUITests.xctest */,
			);
			name = Products;
			sourceTree = "<group>";
		};
		B2C9BF8E26078D9B001AC4D5 /* Weather */ = {
			isa = PBXGroup;
			children = (
				B2C9C02A260796EE001AC4D5 /* Extensions */,
				B2C9BFC726078E48001AC4D5 /* Models */,
				B2C9BFC626078E3E001AC4D5 /* ViewModel */,
				B2C9BFC526078E32001AC4D5 /* Views */,
				B2C9BF8F26078D9B001AC4D5 /* AppDelegate.swift */,
				B2C9BF9126078D9B001AC4D5 /* SceneDelegate.swift */,
				B2C9BF9326078D9B001AC4D5 /* ContentView.swift */,
				B2C9BF9526078D9D001AC4D5 /* Assets.xcassets */,
				B2C9BF9A26078D9D001AC4D5 /* LaunchScreen.storyboard */,
				B2C9BF9D26078D9D001AC4D5 /* Info.plist */,
				B2C9BF9726078D9D001AC4D5 /* Preview Content */,
			);
			path = Weather;
			sourceTree = "<group>";
		};
		B2C9BF9726078D9D001AC4D5 /* Preview Content */ = {
			isa = PBXGroup;
			children = (
				B2C9BF9826078D9D001AC4D5 /* Preview Assets.xcassets */,
			);
			path = "Preview Content";
			sourceTree = "<group>";
		};
		B2C9BFA526078D9D001AC4D5 /* WeatherTests */ = {
			isa = PBXGroup;
			children = (
				B2C9BFA626078D9D001AC4D5 /* WeatherTests.swift */,
				B2C9BFA826078D9D001AC4D5 /* Info.plist */,
			);
			path = WeatherTests;
			sourceTree = "<group>";
		};
		B2C9BFB026078D9D001AC4D5 /* WeatherUITests */ = {
			isa = PBXGroup;
			children = (
				B2C9BFB126078D9D001AC4D5 /* WeatherUITests.swift */,
				B2C9BFB326078D9D001AC4D5 /* Info.plist */,
			);
			path = WeatherUITests;
			sourceTree = "<group>";
		};
		B2C9BFC526078E32001AC4D5 /* Views */ = {
			isa = PBXGroup;
			children = (
				B2C9BFDC26079191001AC4D5 /* NewCityView.swift */,
				B2C9BFD2260790CF001AC4D5 /* CityRow.swift */,
				B25BA56626083B5800A08F37 /* CityWeatherView.swift */,
				B25BA56B26083B8800A08F37 /* CityHeaderView.swift */,
				B25BA57026083BB300A08F37 /* CityHourlyView.swift */,
				B25BA57526083BC800A08F37 /* CityDailyView.swift */,
			);
			path = Views;
			sourceTree = "<group>";
		};
		B2C9BFC626078E3E001AC4D5 /* ViewModel */ = {
			isa = PBXGroup;
			children = (
				B2C9BFCD2607900C001AC4D5 /* WeatherStore.swift */,
				B213DDF626097D5F000C48FF /* CityCompletion.swift */,
			);
			path = ViewModel;
			sourceTree = "<group>";
		};
		B2C9BFC726078E48001AC4D5 /* Models */ = {
			isa = PBXGroup;
			children = (
				B2C9BFFE260795C1001AC4D5 /* City */,
				B2C9C009260795C1001AC4D5 /* Weather */,
			);
			path = Models;
			sourceTree = "<group>";
		};
		B2C9BFFE260795C1001AC4D5 /* City */ = {
			isa = PBXGroup;
			children = (
				B2C9C007260795C1001AC4D5 /* City.swift */,
				B213DDFB2609977B000C48FF /* CitySearch.swift */,
			);
			path = City;
			sourceTree = "<group>";
		};
		B2C9C009260795C1001AC4D5 /* Weather */ = {
			isa = PBXGroup;
			children = (
				B25BA541260829A900A08F37 /* Location.swift */,
				B25BA54E260829E700A08F37 /* AirQuality.swift */,
				B25BA55326082A0900A08F37 /* Current.swift */,
				B25BA55826082A1D00A08F37 /* Weather.swift */,
				B25BA549260829C600A08F37 /* Condition.swift */,
				B2C9C00C260795C1001AC4D5 /* WeatherManager.swift */,
				B25BA57D26085ECA00A08F37 /* Forecast.swift */,
				B25BA58226085EEE00A08F37 /* Forecastday.swift */,
				B25BA58726085F0500A08F37 /* Astro.swift */,
				B25BA58C26085F1700A08F37 /* Day.swift */,
				B25BA59126085F2A00A08F37 /* Hour.swift */,
			);
			path = Weather;
			sourceTree = "<group>";
		};
		B2C9C02A260796EE001AC4D5 /* Extensions */ = {
			isa = PBXGroup;
			children = (
				B2C9C02B260796EE001AC4D5 /* DoubleExtension.swift */,
				B2C9C02C260796EE001AC4D5 /* DateExtension.swift */,
			);
			path = Extensions;
			sourceTree = "<group>";
		};
/* End PBXGroup section */

/* Begin PBXNativeTarget section */
		B2C9BF8B26078D9B001AC4D5 /* Weather */ = {
			isa = PBXNativeTarget;
			buildConfigurationList = B2C9BFB626078D9D001AC4D5 /* Build configuration list for PBXNativeTarget "Weather" */;
			buildPhases = (
				B2C9BF8826078D9B001AC4D5 /* Sources */,
				B2C9BF8926078D9B001AC4D5 /* Frameworks */,
				B2C9BF8A26078D9B001AC4D5 /* Resources */,
			);
			buildRules = (
			);
			dependencies = (
			);
			name = Weather;
			productName = Weather;
			productReference = B2C9BF8C26078D9B001AC4D5 /* Weather.app */;
			productType = "com.apple.product-type.application";
		};
		B2C9BFA126078D9D001AC4D5 /* WeatherTests */ = {
			isa = PBXNativeTarget;
			buildConfigurationList = B2C9BFB926078D9D001AC4D5 /* Build configuration list for PBXNativeTarget "WeatherTests" */;
			buildPhases = (
				B2C9BF9E26078D9D001AC4D5 /* Sources */,
				B2C9BF9F26078D9D001AC4D5 /* Frameworks */,
				B2C9BFA026078D9D001AC4D5 /* Resources */,
			);
			buildRules = (
			);
			dependencies = (
				B2C9BFA426078D9D001AC4D5 /* PBXTargetDependency */,
			);
			name = WeatherTests;
			productName = WeatherTests;
			productReference = B2C9BFA226078D9D001AC4D5 /* WeatherTests.xctest */;
			productType = "com.apple.product-type.bundle.unit-test";
		};
		B2C9BFAC26078D9D001AC4D5 /* WeatherUITests */ = {
			isa = PBXNativeTarget;
			buildConfigurationList = B2C9BFBC26078D9D001AC4D5 /* Build configuration list for PBXNativeTarget "WeatherUITests" */;
			buildPhases = (
				B2C9BFA926078D9D001AC4D5 /* Sources */,
				B2C9BFAA26078D9D001AC4D5 /* Frameworks */,
				B2C9BFAB26078D9D001AC4D5 /* Resources */,
			);
			buildRules = (
			);
			dependencies = (
				B2C9BFAF26078D9D001AC4D5 /* PBXTargetDependency */,
			);
			name = WeatherUITests;
			productName = WeatherUITests;
			productReference = B2C9BFAD26078D9D001AC4D5 /* WeatherUITests.xctest */;
			productType = "com.apple.product-type.bundle.ui-testing";
		};
/* End PBXNativeTarget section */

/* Begin PBXProject section */
		B2C9BF8426078D9B001AC4D5 /* Project object */ = {
			isa = PBXProject;
			attributes = {
				LastSwiftUpdateCheck = 1230;
				LastUpgradeCheck = 1230;
				TargetAttributes = {
					B2C9BF8B26078D9B001AC4D5 = {
						CreatedOnToolsVersion = 12.3;
					};
					B2C9BFA126078D9D001AC4D5 = {
						CreatedOnToolsVersion = 12.3;
						TestTargetID = B2C9BF8B26078D9B001AC4D5;
					};
					B2C9BFAC26078D9D001AC4D5 = {
						CreatedOnToolsVersion = 12.3;
						TestTargetID = B2C9BF8B26078D9B001AC4D5;
					};
				};
			};
			buildConfigurationList = B2C9BF8726078D9B001AC4D5 /* Build configuration list for PBXProject "Weather" */;
			compatibilityVersion = "Xcode 9.3";
			developmentRegion = en;
			hasScannedForEncodings = 0;
			knownRegions = (
				en,
				Base,
			);
			mainGroup = B2C9BF8326078D9B001AC4D5;
			productRefGroup = B2C9BF8D26078D9B001AC4D5 /* Products */;
			projectDirPath = "";
			projectRoot = "";
			targets = (
				B2C9BF8B26078D9B001AC4D5 /* Weather */,
				B2C9BFA126078D9D001AC4D5 /* WeatherTests */,
				B2C9BFAC26078D9D001AC4D5 /* WeatherUITests */,
			);
		};
/* End PBXProject section */

/* Begin PBXResourcesBuildPhase section */
		B2C9BF8A26078D9B001AC4D5 /* Resources */ = {
			isa = PBXResourcesBuildPhase;
			buildActionMask = 2147483647;
			files = (
				B2C9BF9C26078D9D001AC4D5 /* LaunchScreen.storyboard in Resources */,
				B2C9BF9926078D9D001AC4D5 /* Preview Assets.xcassets in Resources */,
				B2C9BF9626078D9D001AC4D5 /* Assets.xcassets in Resources */,
			);
			runOnlyForDeploymentPostprocessing = 0;
		};
		B2C9BFA026078D9D001AC4D5 /* Resources */ = {
			isa = PBXResourcesBuildPhase;
			buildActionMask = 2147483647;
			files = (
			);
			runOnlyForDeploymentPostprocessing = 0;
		};
		B2C9BFAB26078D9D001AC4D5 /* Resources */ = {
			isa = PBXResourcesBuildPhase;
			buildActionMask = 2147483647;
			files = (
			);
			runOnlyForDeploymentPostprocessing = 0;
		};
/* End PBXResourcesBuildPhase section */

/* Begin PBXSourcesBuildPhase section */
		B2C9BF8826078D9B001AC4D5 /* Sources */ = {
			isa = PBXSourcesBuildPhase;
			buildActionMask = 2147483647;
			files = (
				B2C9BF9026078D9B001AC4D5 /* AppDelegate.swift in Sources */,
				B25BA54F260829E700A08F37 /* AirQuality.swift in Sources */,
				B213DDFC2609977B000C48FF /* CitySearch.swift in Sources */,
				B25BA54A260829C600A08F37 /* Condition.swift in Sources */,
				B25BA59226085F2A00A08F37 /* Hour.swift in Sources */,
				B2C9C01A260795C1001AC4D5 /* WeatherManager.swift in Sources */,
				B25BA57E26085ECA00A08F37 /* Forecast.swift in Sources */,
				B25BA56726083B5800A08F37 /* CityWeatherView.swift in Sources */,
				B25BA542260829A900A08F37 /* Location.swift in Sources */,
				B25BA58826085F0500A08F37 /* Astro.swift in Sources */,
				B2C9C02E260796EF001AC4D5 /* DateExtension.swift in Sources */,
				B25BA58D26085F1700A08F37 /* Day.swift in Sources */,
				B2C9C02D260796EF001AC4D5 /* DoubleExtension.swift in Sources */,
				B2C9BFCE2607900C001AC4D5 /* WeatherStore.swift in Sources */,
				B25BA56C26083B8800A08F37 /* CityHeaderView.swift in Sources */,
				B25BA55426082A0900A08F37 /* Current.swift in Sources */,
				B25BA58326085EEE00A08F37 /* Forecastday.swift in Sources */,
				B2C9BFDD26079191001AC4D5 /* NewCityView.swift in Sources */,
				B25BA57626083BC800A08F37 /* CityDailyView.swift in Sources */,
				B2C9BF9226078D9B001AC4D5 /* SceneDelegate.swift in Sources */,
				B25BA55926082A1D00A08F37 /* Weather.swift in Sources */,
				B213DDF726097D60000C48FF /* CityCompletion.swift in Sources */,
				B25BA57126083BB300A08F37 /* CityHourlyView.swift in Sources */,
				B2C9BF9426078D9B001AC4D5 /* ContentView.swift in Sources */,
				B2C9BFD3260790CF001AC4D5 /* CityRow.swift in Sources */,
				B2C9C016260795C1001AC4D5 /* City.swift in Sources */,
			);
			runOnlyForDeploymentPostprocessing = 0;
		};
		B2C9BF9E26078D9D001AC4D5 /* Sources */ = {
			isa = PBXSourcesBuildPhase;
			buildActionMask = 2147483647;
			files = (
				B2C9BFA726078D9D001AC4D5 /* WeatherTests.swift in Sources */,
			);
			runOnlyForDeploymentPostprocessing = 0;
		};
		B2C9BFA926078D9D001AC4D5 /* Sources */ = {
			isa = PBXSourcesBuildPhase;
			buildActionMask = 2147483647;
			files = (
				B2C9BFB226078D9D001AC4D5 /* WeatherUITests.swift in Sources */,
			);
			runOnlyForDeploymentPostprocessing = 0;
		};
/* End PBXSourcesBuildPhase section */

/* Begin PBXTargetDependency section */
		B2C9BFA426078D9D001AC4D5 /* PBXTargetDependency */ = {
			isa = PBXTargetDependency;
			target = B2C9BF8B26078D9B001AC4D5 /* Weather */;
			targetProxy = B2C9BFA326078D9D001AC4D5 /* PBXContainerItemProxy */;
		};
		B2C9BFAF26078D9D001AC4D5 /* PBXTargetDependency */ = {
			isa = PBXTargetDependency;
			target = B2C9BF8B26078D9B001AC4D5 /* Weather */;
			targetProxy = B2C9BFAE26078D9D001AC4D5 /* PBXContainerItemProxy */;
		};
/* End PBXTargetDependency section */

/* Begin PBXVariantGroup section */
		B2C9BF9A26078D9D001AC4D5 /* LaunchScreen.storyboard */ = {
			isa = PBXVariantGroup;
			children = (
				B2C9BF9B26078D9D001AC4D5 /* Base */,
			);
			name = LaunchScreen.storyboard;
			sourceTree = "<group>";
		};
/* End PBXVariantGroup section */

/* Begin XCBuildConfiguration section */
		B2C9BFB426078D9D001AC4D5 /* Debug */ = {
			isa = XCBuildConfiguration;
			buildSettings = {
				ALWAYS_SEARCH_USER_PATHS = NO;
				CLANG_ANALYZER_NONNULL = YES;
				CLANG_ANALYZER_NUMBER_OBJECT_CONVERSION = YES_AGGRESSIVE;
				CLANG_CXX_LANGUAGE_STANDARD = "gnu++14";
				CLANG_CXX_LIBRARY = "libc++";
				CLANG_ENABLE_MODULES = YES;
				CLANG_ENABLE_OBJC_ARC = YES;
				CLANG_ENABLE_OBJC_WEAK = YES;
				CLANG_WARN_BLOCK_CAPTURE_AUTORELEASING = YES;
				CLANG_WARN_BOOL_CONVERSION = YES;
				CLANG_WARN_COMMA = YES;
				CLANG_WARN_CONSTANT_CONVERSION = YES;
				CLANG_WARN_DEPRECATED_OBJC_IMPLEMENTATIONS = YES;
				CLANG_WARN_DIRECT_OBJC_ISA_USAGE = YES_ERROR;
				CLANG_WARN_DOCUMENTATION_COMMENTS = YES;
				CLANG_WARN_EMPTY_BODY = YES;
				CLANG_WARN_ENUM_CONVERSION = YES;
				CLANG_WARN_INFINITE_RECURSION = YES;
				CLANG_WARN_INT_CONVERSION = YES;
				CLANG_WARN_NON_LITERAL_NULL_CONVERSION = YES;
				CLANG_WARN_OBJC_IMPLICIT_RETAIN_SELF = YES;
				CLANG_WARN_OBJC_LITERAL_CONVERSION = YES;
				CLANG_WARN_OBJC_ROOT_CLASS = YES_ERROR;
				CLANG_WARN_QUOTED_INCLUDE_IN_FRAMEWORK_HEADER = YES;
				CLANG_WARN_RANGE_LOOP_ANALYSIS = YES;
				CLANG_WARN_STRICT_PROTOTYPES = YES;
				CLANG_WARN_SUSPICIOUS_MOVE = YES;
				CLANG_WARN_UNGUARDED_AVAILABILITY = YES_AGGRESSIVE;
				CLANG_WARN_UNREACHABLE_CODE = YES;
				CLANG_WARN__DUPLICATE_METHOD_MATCH = YES;
				COPY_PHASE_STRIP = NO;
				DEBUG_INFORMATION_FORMAT = dwarf;
				ENABLE_STRICT_OBJC_MSGSEND = YES;
				ENABLE_TESTABILITY = YES;
				GCC_C_LANGUAGE_STANDARD = gnu11;
				GCC_DYNAMIC_NO_PIC = NO;
				GCC_NO_COMMON_BLOCKS = YES;
				GCC_OPTIMIZATION_LEVEL = 0;
				GCC_PREPROCESSOR_DEFINITIONS = (
					"DEBUG=1",
					"$(inherited)",
				);
				GCC_WARN_64_TO_32_BIT_CONVERSION = YES;
				GCC_WARN_ABOUT_RETURN_TYPE = YES_ERROR;
				GCC_WARN_UNDECLARED_SELECTOR = YES;
				GCC_WARN_UNINITIALIZED_AUTOS = YES_AGGRESSIVE;
				GCC_WARN_UNUSED_FUNCTION = YES;
				GCC_WARN_UNUSED_VARIABLE = YES;
				IPHONEOS_DEPLOYMENT_TARGET = 14.3;
				MTL_ENABLE_DEBUG_INFO = INCLUDE_SOURCE;
				MTL_FAST_MATH = YES;
				ONLY_ACTIVE_ARCH = YES;
				SDKROOT = iphoneos;
				SWIFT_ACTIVE_COMPILATION_CONDITIONS = DEBUG;
				SWIFT_OPTIMIZATION_LEVEL = "-Onone";
			};
			name = Debug;
		};
		B2C9BFB526078D9D001AC4D5 /* Release */ = {
			isa = XCBuildConfiguration;
			buildSettings = {
				ALWAYS_SEARCH_USER_PATHS = NO;
				CLANG_ANALYZER_NONNULL = YES;
				CLANG_ANALYZER_NUMBER_OBJECT_CONVERSION = YES_AGGRESSIVE;
				CLANG_CXX_LANGUAGE_STANDARD = "gnu++14";
				CLANG_CXX_LIBRARY = "libc++";
				CLANG_ENABLE_MODULES = YES;
				CLANG_ENABLE_OBJC_ARC = YES;
				CLANG_ENABLE_OBJC_WEAK = YES;
				CLANG_WARN_BLOCK_CAPTURE_AUTORELEASING = YES;
				CLANG_WARN_BOOL_CONVERSION = YES;
				CLANG_WARN_COMMA = YES;
				CLANG_WARN_CONSTANT_CONVERSION = YES;
				CLANG_WARN_DEPRECATED_OBJC_IMPLEMENTATIONS = YES;
				CLANG_WARN_DIRECT_OBJC_ISA_USAGE = YES_ERROR;
				CLANG_WARN_DOCUMENTATION_COMMENTS = YES;
				CLANG_WARN_EMPTY_BODY = YES;
				CLANG_WARN_ENUM_CONVERSION = YES;
				CLANG_WARN_INFINITE_RECURSION = YES;
				CLANG_WARN_INT_CONVERSION = YES;
				CLANG_WARN_NON_LITERAL_NULL_CONVERSION = YES;
				CLANG_WARN_OBJC_IMPLICIT_RETAIN_SELF = YES;
				CLANG_WARN_OBJC_LITERAL_CONVERSION = YES;
				CLANG_WARN_OBJC_ROOT_CLASS = YES_ERROR;
				CLANG_WARN_QUOTED_INCLUDE_IN_FRAMEWORK_HEADER = YES;
				CLANG_WARN_RANGE_LOOP_ANALYSIS = YES;
				CLANG_WARN_STRICT_PROTOTYPES = YES;
				CLANG_WARN_SUSPICIOUS_MOVE = YES;
				CLANG_WARN_UNGUARDED_AVAILABILITY = YES_AGGRESSIVE;
				CLANG_WARN_UNREACHABLE_CODE = YES;
				CLANG_WARN__DUPLICATE_METHOD_MATCH = YES;
				COPY_PHASE_STRIP = NO;
				DEBUG_INFORMATION_FORMAT = "dwarf-with-dsym";
				ENABLE_NS_ASSERTIONS = NO;
				ENABLE_STRICT_OBJC_MSGSEND = YES;
				GCC_C_LANGUAGE_STANDARD = gnu11;
				GCC_NO_COMMON_BLOCKS = YES;
				GCC_WARN_64_TO_32_BIT_CONVERSION = YES;
				GCC_WARN_ABOUT_RETURN_TYPE = YES_ERROR;
				GCC_WARN_UNDECLARED_SELECTOR = YES;
				GCC_WARN_UNINITIALIZED_AUTOS = YES_AGGRESSIVE;
				GCC_WARN_UNUSED_FUNCTION = YES;
				GCC_WARN_UNUSED_VARIABLE = YES;
				IPHONEOS_DEPLOYMENT_TARGET = 14.3;
				MTL_ENABLE_DEBUG_INFO = NO;
				MTL_FAST_MATH = YES;
				SDKROOT = iphoneos;
				SWIFT_COMPILATION_MODE = wholemodule;
				SWIFT_OPTIMIZATION_LEVEL = "-O";
				VALIDATE_PRODUCT = YES;
			};
			name = Release;
		};
		B2C9BFB726078D9D001AC4D5 /* Debug */ = {
			isa = XCBuildConfiguration;
			buildSettings = {
				ASSETCATALOG_COMPILER_APPICON_NAME = AppIcon;
				ASSETCATALOG_COMPILER_GLOBAL_ACCENT_COLOR_NAME = AccentColor;
				CODE_SIGN_STYLE = Automatic;
				DEVELOPMENT_ASSET_PATHS = "\"Weather/Preview Content\"";
				DEVELOPMENT_TEAM = 6VBNBCMGX8;
				ENABLE_PREVIEWS = YES;
				INFOPLIST_FILE = Weather/Info.plist;
				IPHONEOS_DEPLOYMENT_TARGET = 13.5;
				LD_RUNPATH_SEARCH_PATHS = (
					"$(inherited)",
					"@executable_path/Frameworks",
				);
				PRODUCT_BUNDLE_IDENTIFIER = com.cabrerasiel.Weather;
				PRODUCT_NAME = "$(TARGET_NAME)";
				SWIFT_VERSION = 5.0;
				TARGETED_DEVICE_FAMILY = "1,2";
			};
			name = Debug;
		};
		B2C9BFB826078D9D001AC4D5 /* Release */ = {
			isa = XCBuildConfiguration;
			buildSettings = {
				ASSETCATALOG_COMPILER_APPICON_NAME = AppIcon;
				ASSETCATALOG_COMPILER_GLOBAL_ACCENT_COLOR_NAME = AccentColor;
				CODE_SIGN_STYLE = Automatic;
				DEVELOPMENT_ASSET_PATHS = "\"Weather/Preview Content\"";
				DEVELOPMENT_TEAM = 6VBNBCMGX8;
				ENABLE_PREVIEWS = YES;
				INFOPLIST_FILE = Weather/Info.plist;
				IPHONEOS_DEPLOYMENT_TARGET = 13.5;
				LD_RUNPATH_SEARCH_PATHS = (
					"$(inherited)",
					"@executable_path/Frameworks",
				);
				PRODUCT_BUNDLE_IDENTIFIER = com.cabrerasiel.Weather;
				PRODUCT_NAME = "$(TARGET_NAME)";
				SWIFT_VERSION = 5.0;
				TARGETED_DEVICE_FAMILY = "1,2";
			};
			name = Release;
		};
		B2C9BFBA26078D9D001AC4D5 /* Debug */ = {
			isa = XCBuildConfiguration;
			buildSettings = {
				ALWAYS_EMBED_SWIFT_STANDARD_LIBRARIES = YES;
				BUNDLE_LOADER = "$(TEST_HOST)";
				CODE_SIGN_STYLE = Automatic;
				DEVELOPMENT_TEAM = 6VBNBCMGX8;
				INFOPLIST_FILE = WeatherTests/Info.plist;
				IPHONEOS_DEPLOYMENT_TARGET = 14.3;
				LD_RUNPATH_SEARCH_PATHS = (
					"$(inherited)",
					"@executable_path/Frameworks",
					"@loader_path/Frameworks",
				);
				PRODUCT_BUNDLE_IDENTIFIER = com.cabrerasiel.WeatherTests;
				PRODUCT_NAME = "$(TARGET_NAME)";
				SWIFT_VERSION = 5.0;
				TARGETED_DEVICE_FAMILY = "1,2";
				TEST_HOST = "$(BUILT_PRODUCTS_DIR)/Weather.app/Weather";
			};
			name = Debug;
		};
		B2C9BFBB26078D9D001AC4D5 /* Release */ = {
			isa = XCBuildConfiguration;
			buildSettings = {
				ALWAYS_EMBED_SWIFT_STANDARD_LIBRARIES = YES;
				BUNDLE_LOADER = "$(TEST_HOST)";
				CODE_SIGN_STYLE = Automatic;
				DEVELOPMENT_TEAM = 6VBNBCMGX8;
				INFOPLIST_FILE = WeatherTests/Info.plist;
				IPHONEOS_DEPLOYMENT_TARGET = 14.3;
				LD_RUNPATH_SEARCH_PATHS = (
					"$(inherited)",
					"@executable_path/Frameworks",
					"@loader_path/Frameworks",
				);
				PRODUCT_BUNDLE_IDENTIFIER = com.cabrerasiel.WeatherTests;
				PRODUCT_NAME = "$(TARGET_NAME)";
				SWIFT_VERSION = 5.0;
				TARGETED_DEVICE_FAMILY = "1,2";
				TEST_HOST = "$(BUILT_PRODUCTS_DIR)/Weather.app/Weather";
			};
			name = Release;
		};
		B2C9BFBD26078D9D001AC4D5 /* Debug */ = {
			isa = XCBuildConfiguration;
			buildSettings = {
				ALWAYS_EMBED_SWIFT_STANDARD_LIBRARIES = YES;
				CODE_SIGN_STYLE = Automatic;
				DEVELOPMENT_TEAM = 6VBNBCMGX8;
				INFOPLIST_FILE = WeatherUITests/Info.plist;
				LD_RUNPATH_SEARCH_PATHS = (
					"$(inherited)",
					"@executable_path/Frameworks",
					"@loader_path/Frameworks",
				);
				PRODUCT_BUNDLE_IDENTIFIER = com.cabrerasiel.WeatherUITests;
				PRODUCT_NAME = "$(TARGET_NAME)";
				SWIFT_VERSION = 5.0;
				TARGETED_DEVICE_FAMILY = "1,2";
				TEST_TARGET_NAME = Weather;
			};
			name = Debug;
		};
		B2C9BFBE26078D9D001AC4D5 /* Release */ = {
			isa = XCBuildConfiguration;
			buildSettings = {
				ALWAYS_EMBED_SWIFT_STANDARD_LIBRARIES = YES;
				CODE_SIGN_STYLE = Automatic;
				DEVELOPMENT_TEAM = 6VBNBCMGX8;
				INFOPLIST_FILE = WeatherUITests/Info.plist;
				LD_RUNPATH_SEARCH_PATHS = (
					"$(inherited)",
					"@executable_path/Frameworks",
					"@loader_path/Frameworks",
				);
				PRODUCT_BUNDLE_IDENTIFIER = com.cabrerasiel.WeatherUITests;
				PRODUCT_NAME = "$(TARGET_NAME)";
				SWIFT_VERSION = 5.0;
				TARGETED_DEVICE_FAMILY = "1,2";
				TEST_TARGET_NAME = Weather;
			};
			name = Release;
		};
/* End XCBuildConfiguration section */

/* Begin XCConfigurationList section */
		B2C9BF8726078D9B001AC4D5 /* Build configuration list for PBXProject "Weather" */ = {
			isa = XCConfigurationList;
			buildConfigurations = (
				B2C9BFB426078D9D001AC4D5 /* Debug */,
				B2C9BFB526078D9D001AC4D5 /* Release */,
			);
			defaultConfigurationIsVisible = 0;
			defaultConfigurationName = Release;
		};
		B2C9BFB626078D9D001AC4D5 /* Build configuration list for PBXNativeTarget "Weather" */ = {
			isa = XCConfigurationList;
			buildConfigurations = (
				B2C9BFB726078D9D001AC4D5 /* Debug */,
				B2C9BFB826078D9D001AC4D5 /* Release */,
			);
			defaultConfigurationIsVisible = 0;
			defaultConfigurationName = Release;
		};
		B2C9BFB926078D9D001AC4D5 /* Build configuration list for PBXNativeTarget "WeatherTests" */ = {
			isa = XCConfigurationList;
			buildConfigurations = (
				B2C9BFBA26078D9D001AC4D5 /* Debug */,
				B2C9BFBB26078D9D001AC4D5 /* Release */,
			);
			defaultConfigurationIsVisible = 0;
			defaultConfigurationName = Release;
		};
		B2C9BFBC26078D9D001AC4D5 /* Build configuration list for PBXNativeTarget "WeatherUITests" */ = {
			isa = XCConfigurationList;
			buildConfigurations = (
				B2C9BFBD26078D9D001AC4D5 /* Debug */,
				B2C9BFBE26078D9D001AC4D5 /* Release */,
			);
			defaultConfigurationIsVisible = 0;
			defaultConfigurationName = Release;
		};
/* End XCConfigurationList section */
	};
	rootObject = B2C9BF8426078D9B001AC4D5 /* Project object */;
}
